
Microsoft Visual Studio Solution File, Format Version 12.00
# Visual Studio Version 17
VisualStudioVersion = 17.11.35327.3
MinimumVisualStudioVersion = 10.0.40219.1
Project("{2150E333-8FDC-42A3-9474-1A3956D46DE8}") = "src", "src", "{187A77C9-EF63-4ECD-A609-86492C031A10}"
EndProject
Project("{2150E333-8FDC-42A3-9474-1A3956D46DE8}") = "test", "test", "{C5779A06-C69B-4ECC-B7F9-01E1E715A446}"
EndProject
Project("{9A19103F-16F7-4668-BE54-9A1E7A4F7556}") = "DMediatR", "src\DMediatR\DMediatR.csproj", "{09160E9B-DF5C-42FE-B56E-72F8584B401F}"
EndProject
Project("{9A19103F-16F7-4668-BE54-9A1E7A4F7556}") = "DMediatR.Tests", "test\DMediatR.Tests\DMediatR.Tests.csproj", "{8BB6240A-C95C-4E38-8244-E480B43E8B77}"
EndProject
Project("{2150E333-8FDC-42A3-9474-1A3956D46DE8}") = "Solution Items", "Solution Items", "{1B479178-9F7F-4D12-B2FA-0EA06F8769CF}"
	ProjectSection(SolutionItems) = preProject
		.editorconfig = .editorconfig
		AUTHORS = AUTHORS
		doc-serve.ps1 = doc-serve.ps1
		LICENSE = LICENSE
		README.md = README.md
		start.ps1 = start.ps1
		test.ps1 = test.ps1
	EndProjectSection
EndProject
Project("{9A19103F-16F7-4668-BE54-9A1E7A4F7556}") = "DMediatRNode", "src\DMediatRNode\DMediatRNode.csproj", "{0B889313-9DB8-4937-9D26-90A53F829278}"
EndProject
Project("{8BC9CEB8-8B4A-11D0-8D11-00A0C91BC942}") = "doc", "doc\doc.vcxproj", "{CFC5DB13-6E50-433B-93C4-9D633EA4DDB2}"
EndProject
Project("{2150E333-8FDC-42A3-9474-1A3956D46DE8}") = "cert", "cert", "{C4C5544A-1659-4184-A2F7-68608D8AF60B}"
	ProjectSection(SolutionItems) = preProject
		cert\DMediatR-ClientCertifier-old.pfx = cert\DMediatR-ClientCertifier-old.pfx
		cert\DMediatR-ClientCertifier.pfx = cert\DMediatR-ClientCertifier.pfx
		cert\DMediatR-IntermediateCertifier-old.pfx = cert\DMediatR-IntermediateCertifier-old.pfx
		cert\DMediatR-IntermediateCertifier.pfx = cert\DMediatR-IntermediateCertifier.pfx
		cert\DMediatR-RootCertifier-old.pfx = cert\DMediatR-RootCertifier-old.pfx
		cert\DMediatR-RootCertifier.pfx = cert\DMediatR-RootCertifier.pfx
		cert\DMediatR-ServerCertifier-old.pfx = cert\DMediatR-ServerCertifier-old.pfx
		cert\DMediatR-ServerCertifier.pfx = cert\DMediatR-ServerCertifier.pfx
	EndProjectSection
EndProject
Project("{2150E333-8FDC-42A3-9474-1A3956D46DE8}") = "nuget-info", "nuget-info", "{2A33875A-4AD2-4396-B03A-492D7B1C8DD3}"
	ProjectSection(SolutionItems) = preProject
		nuget-info\description.txt = nuget-info\description.txt
		nuget-info\release-notes.txt = nuget-info\release-notes.txt
		nuget-info\version.txt = nuget-info\version.txt
	EndProjectSection
EndProject
Project("{FAE04EC0-301F-11D3-BF4B-00C04F79EFBC}") = "DMediatRNodeTemplate", "src\DMediatRNodeTemplate\DMediatRNodeTemplate.csproj", "{F7A2257B-046C-44F6-92D8-05C8315AFF1A}"
EndProject
Project("{2150E333-8FDC-42A3-9474-1A3956D46DE8}") = ".github", ".github", "{237F8FAE-6F13-495C-BB8E-C56DE97A5430}"
EndProject
Project("{2150E333-8FDC-42A3-9474-1A3956D46DE8}") = "workflows", "workflows", "{F6C4801F-6C95-42D1-966C-FABC9D99F849}"
	ProjectSection(SolutionItems) = preProject
		.github\workflows\build-release.yml = .github\workflows\build-release.yml
		.github\workflows\build.yml = .github\workflows\build.yml
		.github\workflows\release.yml = .github\workflows\release.yml
		.github\workflows\sandbox.yml = .github\workflows\sandbox.yml
	EndProjectSection
EndProject
Global
	GlobalSection(SolutionConfigurationPlatforms) = preSolution
		Debug|Any CPU = Debug|Any CPU
		Debug|x64 = Debug|x64
		Debug|x86 = Debug|x86
		Release|Any CPU = Release|Any CPU
		Release|x64 = Release|x64
		Release|x86 = Release|x86
	EndGlobalSection
	GlobalSection(ProjectConfigurationPlatforms) = postSolution
		{09160E9B-DF5C-42FE-B56E-72F8584B401F}.Debug|Any CPU.ActiveCfg = Debug|Any CPU
		{09160E9B-DF5C-42FE-B56E-72F8584B401F}.Debug|Any CPU.Build.0 = Debug|Any CPU
		{09160E9B-DF5C-42FE-B56E-72F8584B401F}.Debug|x64.ActiveCfg = Debug|Any CPU
		{09160E9B-DF5C-42FE-B56E-72F8584B401F}.Debug|x64.Build.0 = Debug|Any CPU
		{09160E9B-DF5C-42FE-B56E-72F8584B401F}.Debug|x86.ActiveCfg = Debug|Any CPU
		{09160E9B-DF5C-42FE-B56E-72F8584B401F}.Debug|x86.Build.0 = Debug|Any CPU
		{09160E9B-DF5C-42FE-B56E-72F8584B401F}.Release|Any CPU.ActiveCfg = Release|Any CPU
		{09160E9B-DF5C-42FE-B56E-72F8584B401F}.Release|Any CPU.Build.0 = Release|Any CPU
		{09160E9B-DF5C-42FE-B56E-72F8584B401F}.Release|x64.ActiveCfg = Release|Any CPU
		{09160E9B-DF5C-42FE-B56E-72F8584B401F}.Release|x64.Build.0 = Release|Any CPU
		{09160E9B-DF5C-42FE-B56E-72F8584B401F}.Release|x86.ActiveCfg = Release|Any CPU
		{09160E9B-DF5C-42FE-B56E-72F8584B401F}.Release|x86.Build.0 = Release|Any CPU
		{8BB6240A-C95C-4E38-8244-E480B43E8B77}.Debug|Any CPU.ActiveCfg = Debug|Any CPU
		{8BB6240A-C95C-4E38-8244-E480B43E8B77}.Debug|Any CPU.Build.0 = Debug|Any CPU
		{8BB6240A-C95C-4E38-8244-E480B43E8B77}.Debug|x64.ActiveCfg = Debug|Any CPU
		{8BB6240A-C95C-4E38-8244-E480B43E8B77}.Debug|x64.Build.0 = Debug|Any CPU
		{8BB6240A-C95C-4E38-8244-E480B43E8B77}.Debug|x86.ActiveCfg = Debug|Any CPU
		{8BB6240A-C95C-4E38-8244-E480B43E8B77}.Debug|x86.Build.0 = Debug|Any CPU
		{8BB6240A-C95C-4E38-8244-E480B43E8B77}.Release|Any CPU.ActiveCfg = Release|Any CPU
		{8BB6240A-C95C-4E38-8244-E480B43E8B77}.Release|Any CPU.Build.0 = Release|Any CPU
		{8BB6240A-C95C-4E38-8244-E480B43E8B77}.Release|x64.ActiveCfg = Release|Any CPU
		{8BB6240A-C95C-4E38-8244-E480B43E8B77}.Release|x64.Build.0 = Release|Any CPU
		{8BB6240A-C95C-4E38-8244-E480B43E8B77}.Release|x86.ActiveCfg = Release|Any CPU
		{8BB6240A-C95C-4E38-8244-E480B43E8B77}.Release|x86.Build.0 = Release|Any CPU
		{0B889313-9DB8-4937-9D26-90A53F829278}.Debug|Any CPU.ActiveCfg = Debug|Any CPU
		{0B889313-9DB8-4937-9D26-90A53F829278}.Debug|Any CPU.Build.0 = Debug|Any CPU
		{0B889313-9DB8-4937-9D26-90A53F829278}.Debug|x64.ActiveCfg = Debug|Any CPU
		{0B889313-9DB8-4937-9D26-90A53F829278}.Debug|x64.Build.0 = Debug|Any CPU
		{0B889313-9DB8-4937-9D26-90A53F829278}.Debug|x86.ActiveCfg = Debug|Any CPU
		{0B889313-9DB8-4937-9D26-90A53F829278}.Debug|x86.Build.0 = Debug|Any CPU
		{0B889313-9DB8-4937-9D26-90A53F829278}.Release|Any CPU.ActiveCfg = Release|Any CPU
		{0B889313-9DB8-4937-9D26-90A53F829278}.Release|Any CPU.Build.0 = Release|Any CPU
		{0B889313-9DB8-4937-9D26-90A53F829278}.Release|x64.ActiveCfg = Release|Any CPU
		{0B889313-9DB8-4937-9D26-90A53F829278}.Release|x64.Build.0 = Release|Any CPU
		{0B889313-9DB8-4937-9D26-90A53F829278}.Release|x86.ActiveCfg = Release|Any CPU
		{0B889313-9DB8-4937-9D26-90A53F829278}.Release|x86.Build.0 = Release|Any CPU
		{CFC5DB13-6E50-433B-93C4-9D633EA4DDB2}.Debug|Any CPU.ActiveCfg = Debug|x64
		{CFC5DB13-6E50-433B-93C4-9D633EA4DDB2}.Debug|x64.ActiveCfg = Debug|x64
		{CFC5DB13-6E50-433B-93C4-9D633EA4DDB2}.Debug|x64.Build.0 = Debug|x64
		{CFC5DB13-6E50-433B-93C4-9D633EA4DDB2}.Debug|x86.ActiveCfg = Debug|Win32
		{CFC5DB13-6E50-433B-93C4-9D633EA4DDB2}.Debug|x86.Build.0 = Debug|Win32
		{CFC5DB13-6E50-433B-93C4-9D633EA4DDB2}.Release|Any CPU.ActiveCfg = Release|x64
		{CFC5DB13-6E50-433B-93C4-9D633EA4DDB2}.Release|x64.ActiveCfg = Release|x64
		{CFC5DB13-6E50-433B-93C4-9D633EA4DDB2}.Release|x64.Build.0 = Release|x64
		{CFC5DB13-6E50-433B-93C4-9D633EA4DDB2}.Release|x86.ActiveCfg = Release|Win32
		{CFC5DB13-6E50-433B-93C4-9D633EA4DDB2}.Release|x86.Build.0 = Release|Win32
		{F7A2257B-046C-44F6-92D8-05C8315AFF1A}.Debug|Any CPU.ActiveCfg = Debug|Any CPU
		{F7A2257B-046C-44F6-92D8-05C8315AFF1A}.Debug|Any CPU.Build.0 = Debug|Any CPU
		{F7A2257B-046C-44F6-92D8-05C8315AFF1A}.Debug|x64.ActiveCfg = Debug|Any CPU
		{F7A2257B-046C-44F6-92D8-05C8315AFF1A}.Debug|x64.Build.0 = Debug|Any CPU
		{F7A2257B-046C-44F6-92D8-05C8315AFF1A}.Debug|x86.ActiveCfg = Debug|Any CPU
		{F7A2257B-046C-44F6-92D8-05C8315AFF1A}.Debug|x86.Build.0 = Debug|Any CPU
		{F7A2257B-046C-44F6-92D8-05C8315AFF1A}.Release|Any CPU.ActiveCfg = Release|Any CPU
		{F7A2257B-046C-44F6-92D8-05C8315AFF1A}.Release|Any CPU.Build.0 = Release|Any CPU
		{F7A2257B-046C-44F6-92D8-05C8315AFF1A}.Release|x64.ActiveCfg = Release|Any CPU
		{F7A2257B-046C-44F6-92D8-05C8315AFF1A}.Release|x64.Build.0 = Release|Any CPU
		{F7A2257B-046C-44F6-92D8-05C8315AFF1A}.Release|x86.ActiveCfg = Release|Any CPU
		{F7A2257B-046C-44F6-92D8-05C8315AFF1A}.Release|x86.Build.0 = Release|Any CPU
	EndGlobalSection
	GlobalSection(SolutionProperties) = preSolution
		HideSolutionNode = FALSE
	EndGlobalSection
	GlobalSection(NestedProjects) = preSolution
		{09160E9B-DF5C-42FE-B56E-72F8584B401F} = {187A77C9-EF63-4ECD-A609-86492C031A10}
		{8BB6240A-C95C-4E38-8244-E480B43E8B77} = {C5779A06-C69B-4ECC-B7F9-01E1E715A446}
		{0B889313-9DB8-4937-9D26-90A53F829278} = {187A77C9-EF63-4ECD-A609-86492C031A10}
		{F7A2257B-046C-44F6-92D8-05C8315AFF1A} = {187A77C9-EF63-4ECD-A609-86492C031A10}
		{F6C4801F-6C95-42D1-966C-FABC9D99F849} = {237F8FAE-6F13-495C-BB8E-C56DE97A5430}
	EndGlobalSection
	GlobalSection(ExtensibilityGlobals) = postSolution
		SolutionGuid = {5349FC95-6714-49D6-AB9F-2CB1F1E679A4}
	EndGlobalSection
EndGlobal
